{
  "name": "ark-mail-worker-cli",
  "version": "1.0.0",
  "lockfileVersion": 3,
  "requires": true,
  "packages": {
    "": {
      "name": "ark-mail-worker-cli",
      "version": "1.0.0",
      "dependencies": {
        "@tencent-qqmail/agently-cli": "1.0.18"
      }
    },
    "node_modules/@tencent-qqmail/agently-cli": {
      "version": "1.0.18",
      "resolved": "https://registry.npmjs.org/@tencent-qqmail/agently-cli/-/agently-cli-1.0.18.tgz",
      "integrity": "sha512-z4Ps7+X6LWY5P8ZO1vU/sfbqLsaqDfeM4Kot1/UX98ZJuQ80HJMH9cVGghySZNgThiwRABhyh9TLDeG1fYAnFg==",
      "cpu": [
        "x64",
        "arm64"
      ],
      "license": "Apache-2.0",
      "os": [
        "darwin",
        "linux",
        "win32"
      ],
      "bin": {
        "agently-cli": "scripts/run.js"
      },
      "engines": {
        "node": ">=16"
      },
      "optionalDependencies": {
        "@tencent-qqmail/agently-cli-darwin-arm64": "1.0.18",
        "@tencent-qqmail/agently-cli-darwin-x64": "1.0.18",
        "@tencent-qqmail/agently-cli-linux-arm64": "1.0.18",
        "@tencent-qqmail/agently-cli-linux-x64": "1.0.18",
        "@tencent-qqmail/agently-cli-win32-arm64": "1.0.18",
        "@tencent-qqmail/agently-cli-win32-x64": "1.0.18"
      }
    },
    "node_modules/@tencent-qqmail/agently-cli-darwin-arm64": {
      "version": "1.0.18",
      "resolved": "https://registry.npmjs.org/@tencent-qqmail/agently-cli-darwin-arm64/-/agently-cli-darwin-arm64-1.0.18.tgz",
      "integrity": "sha512-E0ZbTUNj6d28yA+bWQmQSOi5AWjDrP9jPmEDtQBnAzMaNwyl8Hc5oIS+Oczx/1Z7941XVwLBvs8pi7N/9D1Veg==",
      "cpu": [
        "arm64"
      ],
      "license": "Apache-2.0",
      "optional": true,
      "os": [
        "darwin"
      ]
    },
    "node_modules/@tencent-qqmail/agently-cli-darwin-x64": {
      "version": "1.0.18",
      "resolved": "https://registry.npmjs.org/@tencent-qqmail/agently-cli-darwin-x64/-/agently-cli-darwin-x64-1.0.18.tgz",
      "integrity": "sha512-Z/SWqEUGy6in3zXl8VKckLy+MvsK0D9JhmBvQOkkGMw7lcw4lMxxmKuSXeH1A3ILhxlWaIBvuJ8Y70XLssZGMw==",
      "cpu": [
        "x64"
      ],
      "license": "Apache-2.0",
      "optional": true,
      "os": [
        "darwin"
      ]
    },
    "node_modules/@tencent-qqmail/agently-cli-linux-arm64": {
      "version": "1.0.18",
      "resolved": "https://registry.npmjs.org/@tencent-qqmail/agently-cli-linux-arm64/-/agently-cli-linux-arm64-1.0.18.tgz",
      "integrity": "sha512-RFc3un1wk4S2e64mqniAeNxBNnnFNW1+JnFntw3sEdxE5l2Uj8lbbi5kuunnZ9aEPj+tfdsshdb5Rl8qfTBvog==",
      "cpu": [
        "arm64"
      ],
      "license": "Apache-2.0",
      "optional": true,
      "os": [
        "linux"
      ]
    },
    "node_modules/@tencent-qqmail/agently-cli-linux-x64": {
      "version": "1.0.18",
      "resolved": "https://registry.npmjs.org/@tencent-qqmail/agently-cli-linux-x64/-/agently-cli-linux-x64-1.0.18.tgz",
      "integrity": "sha512-6+5aBFFoPtscK3jafN1jZ/OK3f4HK0dAKdmHnja71O7BiTGRAGIUe6Ygd/ysiqouPXkvedZpVbLlHxoykNgpgA==",
      "cpu": [
        "x64"
      ],
      "license": "Apache-2.0",
      "optional": true,
      "os": [
        "linux"
      ]
    },
    "node_modules/@tencent-qqmail/agently-cli-win32-arm64": {
      "version": "1.0.18",
      "resolved": "https://registry.npmjs.org/@tencent-qqmail/agently-cli-win32-arm64/-/agently-cli-win32-arm64-1.0.18.tgz",
      "integrity": "sha512-jy/N+h3rkJgo27FtfIf83H189dAyhtfnhrEtzREP7oPKsQT2dpOQWn2iy8wOKX0lDVHFyKiXAm5iRRzxc0mztw==",
      "cpu": [
        "arm64"
      ],
      "license": "Apache-2.0",
      "optional": true,
      "os": [
        "win32"
      ]
    },
    "node_modules/@tencent-qqmail/agently-cli-win32-x64": {
      "version": "1.0.18",
      "resolved": "https://registry.npmjs.org/@tencent-qqmail/agently-cli-win32-x64/-/agently-cli-win32-x64-1.0.18.tgz",
      "integrity": "sha512-LNFFyWOm3lE53ux9jpxSdzhbjceUk0mIb2Q314y4mkWR0Q1lP2IFRPlDdwPqSmI0Y7MphuH6AwHQeAojzsfJmQ==",
      "cpu": [
        "x64"
      ],
      "license": "Apache-2.0",
      "optional": true,
      "os": [
        "win32"
      ]
    }
  }
}
